
Microsoft Visual Studio Solution File, Format Version 12.00
# Visual Studio Version 16
VisualStudioVersion = 16.0.31005.135
MinimumVisualStudioVersion = 10.0.40219.1
Project("{9A19103F-16F7-4668-BE54-9A1E7A4F7556}") = "AbstractFactoryPattern", "AbstractFactoryPattern\AbstractFactoryPattern.csproj", "{638FD8AE-489A-49FD-8E4A-5E18E23E5C84}"
EndProject
Project("{FAE04EC0-301F-11D3-BF4B-00C04F79EFBC}") = "BuilderPattern", "BuilderPattern\BuilderPattern.csproj", "{8A00FF70-5984-4449-BDF4-86FE10C73717}"
EndProject
Project("{FAE04EC0-301F-11D3-BF4B-00C04F79EFBC}") = "ChainOfResponsibilityPattern", "ChainOfResponsibilityPattern\ChainOfResponsibilityPattern.csproj", "{76F4E333-F077-49C4-BB8A-13DD31CC8B3D}"
EndProject
Global
	GlobalSection(SolutionConfigurationPlatforms) = preSolution
		Debug|Any CPU = Debug|Any CPU
		Release|Any CPU = Release|Any CPU
	EndGlobalSection
	GlobalSection(ProjectConfigurationPlatforms) = postSolution
		{638FD8AE-489A-49FD-8E4A-5E18E23E5C84}.Debug|Any CPU.ActiveCfg = Debug|Any CPU
		{638FD8AE-489A-49FD-8E4A-5E18E23E5C84}.Debug|Any CPU.Build.0 = Debug|Any CPU
		{638FD8AE-489A-49FD-8E4A-5E18E23E5C84}.Release|Any CPU.ActiveCfg = Release|Any CPU
		{638FD8AE-489A-49FD-8E4A-5E18E23E5C84}.Release|Any CPU.Build.0 = Release|Any CPU
		{8A00FF70-5984-4449-BDF4-86FE10C73717}.Debug|Any CPU.ActiveCfg = Debug|Any CPU
		{8A00FF70-5984-4449-BDF4-86FE10C73717}.Debug|Any CPU.Build.0 = Debug|Any CPU
		{8A00FF70-5984-4449-BDF4-86FE10C73717}.Release|Any CPU.ActiveCfg = Release|Any CPU
		{8A00FF70-5984-4449-BDF4-86FE10C73717}.Release|Any CPU.Build.0 = Release|Any CPU
		{76F4E333-F077-49C4-BB8A-13DD31CC8B3D}.Debug|Any CPU.ActiveCfg = Debug|Any CPU
		{76F4E333-F077-49C4-BB8A-13DD31CC8B3D}.Debug|Any CPU.Build.0 = Debug|Any CPU
		{76F4E333-F077-49C4-BB8A-13DD31CC8B3D}.Release|Any CPU.ActiveCfg = Release|Any CPU
		{76F4E333-F077-49C4-BB8A-13DD31CC8B3D}.Release|Any CPU.Build.0 = Release|Any CPU
	EndGlobalSection
	GlobalSection(SolutionProperties) = preSolution
		HideSolutionNode = FALSE
	EndGlobalSection
	GlobalSection(ExtensibilityGlobals) = postSolution
		SolutionGuid = {47280BA6-924E-4AF7-8A05-AD71005B82D9}
	EndGlobalSection
EndGlobal
